// !$*UTF8*$!
{
	archiveVersion = 1;
	classes = {
	};
	objectVersion = 46;
	objects = {

/* Begin PBXBuildFile section */
		B72A64961B25728700BD2BAF /* main.m in Sources */ = {isa = PBXBuildFile; fileRef = B72A64951B25728700BD2BAF /* main.m */; };
		B72A64991B25728700BD2BAF /* AppDelegate.m in Sources */ = {isa = PBXBuildFile; fileRef = B72A64981B25728700BD2BAF /* AppDelegate.m */; };
		B72A649F1B25728700BD2BAF /* Main.storyboard in Resources */ = {isa = PBXBuildFile; fileRef = B72A649D1B25728700BD2BAF /* Main.storyboard */; };
		B72A64A11B25728800BD2BAF /* Images.xcassets in Resources */ = {isa = PBXBuildFile; fileRef = B72A64A01B25728800BD2BAF /* Images.xcassets */; };
		B72A64A41B25728800BD2BAF /* LaunchScreen.xib in Resources */ = {isa = PBXBuildFile; fileRef = B72A64A21B25728800BD2BAF /* LaunchScreen.xib */; };
		B72A64C21B25759C00BD2BAF /* RootTabBarController.m in Sources */ = {isa = PBXBuildFile; fileRef = B72A64C11B25759C00BD2BAF /* RootTabBarController.m */; };
		B72A64D71B25765600BD2BAF /* AFHTTPRequestOperation.m in Sources */ = {isa = PBXBuildFile; fileRef = B72A64C51B25765600BD2BAF /* AFHTTPRequestOperation.m */; };
		B72A64D81B25765600BD2BAF /* AFHTTPRequestOperationManager.m in Sources */ = {isa = PBXBuildFile; fileRef = B72A64C71B25765600BD2BAF /* AFHTTPRequestOperationManager.m */; };
		B72A64D91B25765600BD2BAF /* AFHTTPSessionManager.m in Sources */ = {isa = PBXBuildFile; fileRef = B72A64C91B25765600BD2BAF /* AFHTTPSessionManager.m */; };
		B72A64DA1B25765600BD2BAF /* AFNetworkReachabilityManager.m in Sources */ = {isa = PBXBuildFile; fileRef = B72A64CC1B25765600BD2BAF /* AFNetworkReachabilityManager.m */; };
		B72A64DB1B25765600BD2BAF /* AFSecurityPolicy.m in Sources */ = {isa = PBXBuildFile; fileRef = B72A64CE1B25765600BD2BAF /* AFSecurityPolicy.m */; };
		B72A64DC1B25765600BD2BAF /* AFURLConnectionOperation.m in Sources */ = {isa = PBXBuildFile; fileRef = B72A64D01B25765600BD2BAF /* AFURLConnectionOperation.m */; };
		B72A64DD1B25765600BD2BAF /* AFURLRequestSerialization.m in Sources */ = {isa = PBXBuildFile; fileRef = B72A64D21B25765600BD2BAF /* AFURLRequestSerialization.m */; };
		B72A64DE1B25765600BD2BAF /* AFURLResponseSerialization.m in Sources */ = {isa = PBXBuildFile; fileRef = B72A64D41B25765600BD2BAF /* AFURLResponseSerialization.m */; };
		B72A64DF1B25765600BD2BAF /* AFURLSessionManager.m in Sources */ = {isa = PBXBuildFile; fileRef = B72A64D61B25765600BD2BAF /* AFURLSessionManager.m */; };
		B72A64F21B25766800BD2BAF /* AFNetworkActivityIndicatorManager.m in Sources */ = {isa = PBXBuildFile; fileRef = B72A64E21B25766800BD2BAF /* AFNetworkActivityIndicatorManager.m */; };
		B72A64F31B25766800BD2BAF /* UIActivityIndicatorView+AFNetworking.m in Sources */ = {isa = PBXBuildFile; fileRef = B72A64E41B25766800BD2BAF /* UIActivityIndicatorView+AFNetworking.m */; };
		B72A64F41B25766800BD2BAF /* UIAlertView+AFNetworking.m in Sources */ = {isa = PBXBuildFile; fileRef = B72A64E61B25766800BD2BAF /* UIAlertView+AFNetworking.m */; };
		B72A64F51B25766800BD2BAF /* UIButton+AFNetworking.m in Sources */ = {isa = PBXBuildFile; fileRef = B72A64E81B25766800BD2BAF /* UIButton+AFNetworking.m */; };
		B72A64F61B25766800BD2BAF /* UIImageView+AFNetworking.m in Sources */ = {isa = PBXBuildFile; fileRef = B72A64EA1B25766800BD2BAF /* UIImageView+AFNetworking.m */; };
		B72A64F71B25766800BD2BAF /* UIProgressView+AFNetworking.m in Sources */ = {isa = PBXBuildFile; fileRef = B72A64ED1B25766800BD2BAF /* UIProgressView+AFNetworking.m */; };
		B72A64F81B25766800BD2BAF /* UIRefreshControl+AFNetworking.m in Sources */ = {isa = PBXBuildFile; fileRef = B72A64EF1B25766800BD2BAF /* UIRefreshControl+AFNetworking.m */; };
		B72A64F91B25766800BD2BAF /* UIWebView+AFNetworking.m in Sources */ = {isa = PBXBuildFile; fileRef = B72A64F11B25766800BD2BAF /* UIWebView+AFNetworking.m */; };
		B72A64FC1B25768000BD2BAF /* AFAppDotNetAPIClient.m in Sources */ = {isa = PBXBuildFile; fileRef = B72A64FB1B25768000BD2BAF /* AFAppDotNetAPIClient.m */; };
		B72A65001B2576EB00BD2BAF /* DownloadData.m in Sources */ = {isa = PBXBuildFile; fileRef = B72A64FF1B2576EB00BD2BAF /* DownloadData.m */; };
/* End PBXBuildFile section */

/* Begin PBXFileReference section */
		B72A64901B25728700BD2BAF /* ChatBot.app */ = {isa = PBXFileReference; explicitFileType = wrapper.application; includeInIndex = 0; path = ChatBot.app; sourceTree = BUILT_PRODUCTS_DIR; };
		B72A64941B25728700BD2BAF /* Info.plist */ = {isa = PBXFileReference; lastKnownFileType = text.plist.xml; path = Info.plist; sourceTree = "<group>"; };
		B72A64951B25728700BD2BAF /* main.m */ = {isa = PBXFileReference; lastKnownFileType = sourcecode.c.objc; path = main.m; sourceTree = "<group>"; };
		B72A64971B25728700BD2BAF /* AppDelegate.h */ = {isa = PBXFileReference; lastKnownFileType = sourcecode.c.h; path = AppDelegate.h; sourceTree = "<group>"; };
		B72A64981B25728700BD2BAF /* AppDelegate.m */ = {isa = PBXFileReference; lastKnownFileType = sourcecode.c.objc; path = AppDelegate.m; sourceTree = "<group>"; };
		B72A649E1B25728700BD2BAF /* Base */ = {isa = PBXFileReference; lastKnownFileType = file.storyboard; name = Base; path = Base.lproj/Main.storyboard; sourceTree = "<group>"; };
		B72A64A01B25728800BD2BAF /* Images.xcassets */ = {isa = PBXFileReference; lastKnownFileType = folder.assetcatalog; path = Images.xcassets; sourceTree = "<group>"; };
		B72A64A31B25728800BD2BAF /* Base */ = {isa = PBXFileReference; lastKnownFileType = file.xib; name = Base; path = Base.lproj/LaunchScreen.xib; sourceTree = "<group>"; };
		B72A64C01B25759C00BD2BAF /* RootTabBarController.h */ = {isa = PBXFileReference; fileEncoding = 4; lastKnownFileType = sourcecode.c.h; path = RootTabBarController.h; sourceTree = "<group>"; };
		B72A64C11B25759C00BD2BAF /* RootTabBarController.m */ = {isa = PBXFileReference; fileEncoding = 4; lastKnownFileType = sourcecode.c.objc; path = RootTabBarController.m; sourceTree = "<group>"; };
		B72A64C41B25765600BD2BAF /* AFHTTPRequestOperation.h */ = {isa = PBXFileReference; fileEncoding = 4; lastKnownFileType = sourcecode.c.h; path = AFHTTPRequestOperation.h; sourceTree = "<group>"; };
		B72A64C51B25765600BD2BAF /* AFHTTPRequestOperation.m */ = {isa = PBXFileReference; fileEncoding = 4; lastKnownFileType = sourcecode.c.objc; path = AFHTTPRequestOperation.m; sourceTree = "<group>"; };
		B72A64C61B25765600BD2BAF /* AFHTTPRequestOperationManager.h */ = {isa = PBXFileReference; fileEncoding = 4; lastKnownFileType = sourcecode.c.h; path = AFHTTPRequestOperationManager.h; sourceTree = "<group>"; };
		B72A64C71B25765600BD2BAF /* AFHTTPRequestOperationManager.m */ = {isa = PBXFileReference; fileEncoding = 4; lastKnownFileType = sourcecode.c.objc; path = AFHTTPRequestOperationManager.m; sourceTree = "<group>"; };
		B72A64C81B25765600BD2BAF /* AFHTTPSessionManager.h */ = {isa = PBXFileReference; fileEncoding = 4; lastKnownFileType = sourcecode.c.h; path = AFHTTPSessionManager.h; sourceTree = "<group>"; };
		B72A64C91B25765600BD2BAF /* AFHTTPSessionManager.m */ = {isa = PBXFileReference; fileEncoding = 4; lastKnownFileType = sourcecode.c.objc; path = AFHTTPSessionManager.m; sourceTree = "<group>"; };
		B72A64CA1B25765600BD2BAF /* AFNetworking.h */ = {isa = PBXFileReference; fileEncoding = 4; lastKnownFileType = sourcecode.c.h; path = AFNetworking.h; sourceTree = "<group>"; };
		B72A64CB1B25765600BD2BAF /* AFNetworkReachabilityManager.h */ = {isa = PBXFileReference; fileEncoding = 4; lastKnownFileType = sourcecode.c.h; path = AFNetworkReachabilityManager.h; sourceTree = "<group>"; };
		B72A64CC1B25765600BD2BAF /* AFNetworkReachabilityManager.m */ = {isa = PBXFileReference; fileEncoding = 4; lastKnownFileType = sourcecode.c.objc; path = AFNetworkReachabilityManager.m; sourceTree = "<group>"; };
		B72A64CD1B25765600BD2BAF /* AFSecurityPolicy.h */ = {isa = PBXFileReference; fileEncoding = 4; lastKnownFileType = sourcecode.c.h; path = AFSecurityPolicy.h; sourceTree = "<group>"; };
		B72A64CE1B25765600BD2BAF /* AFSecurityPolicy.m */ = {isa = PBXFileReference; fileEncoding = 4; lastKnownFileType = sourcecode.c.objc; path = AFSecurityPolicy.m; sourceTree = "<group>"; };
		B72A64CF1B25765600BD2BAF /* AFURLConnectionOperation.h */ = {isa = PBXFileReference; fileEncoding = 4; lastKnownFileType = sourcecode.c.h; path = AFURLConnectionOperation.h; sourceTree = "<group>"; };
		B72A64D01B25765600BD2BAF /* AFURLConnectionOperation.m */ = {isa = PBXFileReference; fileEncoding = 4; lastKnownFileType = sourcecode.c.objc; path = AFURLConnectionOperation.m; sourceTree = "<group>"; };
		B72A64D11B25765600BD2BAF /* AFURLRequestSerialization.h */ = {isa = PBXFileReference; fileEncoding = 4; lastKnownFileType = sourcecode.c.h; path = AFURLRequestSerialization.h; sourceTree = "<group>"; };
		B72A64D21B25765600BD2BAF /* AFURLRequestSerialization.m */ = {isa = PBXFileReference; fileEncoding = 4; lastKnownFileType = sourcecode.c.objc; path = AFURLRequestSerialization.m; sourceTree = "<group>"; };
		B72A64D31B25765600BD2BAF /* AFURLResponseSerialization.h */ = {isa = PBXFileReference; fileEncoding = 4; lastKnownFileType = sourcecode.c.h; path = AFURLResponseSerialization.h; sourceTree = "<group>"; };
		B72A64D41B25765600BD2BAF /* AFURLResponseSerialization.m */ = {isa = PBXFileReference; fileEncoding = 4; lastKnownFileType = sourcecode.c.objc; path = AFURLResponseSerialization.m; sourceTree = "<group>"; };
		B72A64D51B25765600BD2BAF /* AFURLSessionManager.h */ = {isa = PBXFileReference; fileEncoding = 4; lastKnownFileType = sourcecode.c.h; path = AFURLSessionManager.h; sourceTree = "<group>"; };
		B72A64D61B25765600BD2BAF /* AFURLSessionManager.m */ = {isa = PBXFileReference; fileEncoding = 4; lastKnownFileType = sourcecode.c.objc; path = AFURLSessionManager.m; sourceTree = "<group>"; };
		B72A64E11B25766800BD2BAF /* AFNetworkActivityIndicatorManager.h */ = {isa = PBXFileReference; fileEncoding = 4; lastKnownFileType = sourcecode.c.h; path = AFNetworkActivityIndicatorManager.h; sourceTree = "<group>"; };
		B72A64E21B25766800BD2BAF /* AFNetworkActivityIndicatorManager.m */ = {isa = PBXFileReference; fileEncoding = 4; lastKnownFileType = sourcecode.c.objc; path = AFNetworkActivityIndicatorManager.m; sourceTree = "<group>"; };
		B72A64E31B25766800BD2BAF /* UIActivityIndicatorView+AFNetworking.h */ = {isa = PBXFileReference; fileEncoding = 4; lastKnownFileType = sourcecode.c.h; path = "UIActivityIndicatorView+AFNetworking.h"; sourceTree = "<group>"; };
		B72A64E41B25766800BD2BAF /* UIActivityIndicatorView+AFNetworking.m */ = {isa = PBXFileReference; fileEncoding = 4; lastKnownFileType = sourcecode.c.objc; path = "UIActivityIndicatorView+AFNetworking.m"; sourceTree = "<group>"; };
		B72A64E51B25766800BD2BAF /* UIAlertView+AFNetworking.h */ = {isa = PBXFileReference; fileEncoding = 4; lastKnownFileType = sourcecode.c.h; path = "UIAlertView+AFNetworking.h"; sourceTree = "<group>"; };
		B72A64E61B25766800BD2BAF /* UIAlertView+AFNetworking.m */ = {isa = PBXFileReference; fileEncoding = 4; lastKnownFileType = sourcecode.c.objc; path = "UIAlertView+AFNetworking.m"; sourceTree = "<group>"; };
		B72A64E71B25766800BD2BAF /* UIButton+AFNetworking.h */ = {isa = PBXFileReference; fileEncoding = 4; lastKnownFileType = sourcecode.c.h; path = "UIButton+AFNetworking.h"; sourceTree = "<group>"; };
		B72A64E81B25766800BD2BAF /* UIButton+AFNetworking.m */ = {isa = PBXFileReference; fileEncoding = 4; lastKnownFileType = sourcecode.c.objc; path = "UIButton+AFNetworking.m"; sourceTree = "<group>"; };
		B72A64E91B25766800BD2BAF /* UIImageView+AFNetworking.h */ = {isa = PBXFileReference; fileEncoding = 4; lastKnownFileType = sourcecode.c.h; path = "UIImageView+AFNetworking.h"; sourceTree = "<group>"; };
		B72A64EA1B25766800BD2BAF /* UIImageView+AFNetworking.m */ = {isa = PBXFileReference; fileEncoding = 4; lastKnownFileType = sourcecode.c.objc; path = "UIImageView+AFNetworking.m"; sourceTree = "<group>"; };
		B72A64EB1B25766800BD2BAF /* UIKit+AFNetworking.h */ = {isa = PBXFileReference; fileEncoding = 4; lastKnownFileType = sourcecode.c.h; path = "UIKit+AFNetworking.h"; sourceTree = "<group>"; };
		B72A64EC1B25766800BD2BAF /* UIProgressView+AFNetworking.h */ = {isa = PBXFileReference; fileEncoding = 4; lastKnownFileType = sourcecode.c.h; path = "UIProgressView+AFNetworking.h"; sourceTree = "<group>"; };
		B72A64ED1B25766800BD2BAF /* UIProgressView+AFNetworking.m */ = {isa = PBXFileReference; fileEncoding = 4; lastKnownFileType = sourcecode.c.objc; path = "UIProgressView+AFNetworking.m"; sourceTree = "<group>"; };
		B72A64EE1B25766800BD2BAF /* UIRefreshControl+AFNetworking.h */ = {isa = PBXFileReference; fileEncoding = 4; lastKnownFileType = sourcecode.c.h; path = "UIRefreshControl+AFNetworking.h"; sourceTree = "<group>"; };
		B72A64EF1B25766800BD2BAF /* UIRefreshControl+AFNetworking.m */ = {isa = PBXFileReference; fileEncoding = 4; lastKnownFileType = sourcecode.c.objc; path = "UIRefreshControl+AFNetworking.m"; sourceTree = "<group>"; };
		B72A64F01B25766800BD2BAF /* UIWebView+AFNetworking.h */ = {isa = PBXFileReference; fileEncoding = 4; lastKnownFileType = sourcecode.c.h; path = "UIWebView+AFNetworking.h"; sourceTree = "<group>"; };
		B72A64F11B25766800BD2BAF /* UIWebView+AFNetworking.m */ = {isa = PBXFileReference; fileEncoding = 4; lastKnownFileType = sourcecode.c.objc; path = "UIWebView+AFNetworking.m"; sourceTree = "<group>"; };
		B72A64FA1B25768000BD2BAF /* AFAppDotNetAPIClient.h */ = {isa = PBXFileReference; fileEncoding = 4; lastKnownFileType = sourcecode.c.h; path = AFAppDotNetAPIClient.h; sourceTree = "<group>"; };
		B72A64FB1B25768000BD2BAF /* AFAppDotNetAPIClient.m */ = {isa = PBXFileReference; fileEncoding = 4; lastKnownFileType = sourcecode.c.objc; path = AFAppDotNetAPIClient.m; sourceTree = "<group>"; };
		B72A64FE1B2576EB00BD2BAF /* DownloadData.h */ = {isa = PBXFileReference; fileEncoding = 4; lastKnownFileType = sourcecode.c.h; path = DownloadData.h; sourceTree = "<group>"; };
		B72A64FF1B2576EB00BD2BAF /* DownloadData.m */ = {isa = PBXFileReference; fileEncoding = 4; lastKnownFileType = sourcecode.c.objc; path = DownloadData.m; sourceTree = "<group>"; };
/* End PBXFileReference section */

/* Begin PBXFrameworksBuildPhase section */
		B72A648D1B25728700BD2BAF /* Frameworks */ = {
			isa = PBXFrameworksBuildPhase;
			buildActionMask = 2147483647;
			files = (
			);
			runOnlyForDeploymentPostprocessing = 0;
		};
/* End PBXFrameworksBuildPhase section */

/* Begin PBXGroup section */
		B72A64871B25728700BD2BAF = {
			isa = PBXGroup;
			children = (
				B72A64921B25728700BD2BAF /* ChatBot */,
				B72A64911B25728700BD2BAF /* Products */,
			);
			sourceTree = "<group>";
		};
		B72A64911B25728700BD2BAF /* Products */ = {
			isa = PBXGroup;
			children = (
				B72A64901B25728700BD2BAF /* ChatBot.app */,
			);
			name = Products;
			sourceTree = "<group>";
		};
		B72A64921B25728700BD2BAF /* ChatBot */ = {
			isa = PBXGroup;
			children = (
				B72A64FD1B25769C00BD2BAF /* Vendors */,
				B72A64B91B2573B100BD2BAF /* C */,
				B72A64BA1B2573B100BD2BAF /* M */,
				B72A64BB1B2573B100BD2BAF /* Networking */,
				B72A64BC1B2573B100BD2BAF /* Resources */,
				B72A64BE1B2573B100BD2BAF /* Util */,
				B72A64BF1B2573B100BD2BAF /* V */,
				B72A64A01B25728800BD2BAF /* Images.xcassets */,
				B72A649D1B25728700BD2BAF /* Main.storyboard */,
				B72A64A21B25728800BD2BAF /* LaunchScreen.xib */,
				B72A64931B25728700BD2BAF /* Supporting Files */,
			);
			path = ChatBot;
			sourceTree = "<group>";
		};
		B72A64931B25728700BD2BAF /* Supporting Files */ = {
			isa = PBXGroup;
			children = (
				B72A64971B25728700BD2BAF /* AppDelegate.h */,
				B72A64981B25728700BD2BAF /* AppDelegate.m */,
				B72A64941B25728700BD2BAF /* Info.plist */,
				B72A64951B25728700BD2BAF /* main.m */,
			);
			name = "Supporting Files";
			sourceTree = "<group>";
		};
		B72A64B91B2573B100BD2BAF /* C */ = {
			isa = PBXGroup;
			children = (
				B72A64C01B25759C00BD2BAF /* RootTabBarController.h */,
				B72A64C11B25759C00BD2BAF /* RootTabBarController.m */,
			);
			path = C;
			sourceTree = "<group>";
		};
		B72A64BA1B2573B100BD2BAF /* M */ = {
			isa = PBXGroup;
			children = (
			);
			path = M;
			sourceTree = "<group>";
		};
		B72A64BB1B2573B100BD2BAF /* Networking */ = {
			isa = PBXGroup;
			children = (
				B72A64C31B25765600BD2BAF /* AFNetworking */,
				B72A64E01B25766800BD2BAF /* UIKit+AFNetworking */,
				B72A64FA1B25768000BD2BAF /* AFAppDotNetAPIClient.h */,
				B72A64FB1B25768000BD2BAF /* AFAppDotNetAPIClient.m */,
				B72A64FE1B2576EB00BD2BAF /* DownloadData.h */,
				B72A64FF1B2576EB00BD2BAF /* DownloadData.m */,
			);
			path = Networking;
			sourceTree = "<group>";
		};
		B72A64BC1B2573B100BD2BAF /* Resources */ = {
			isa = PBXGroup;
			children = (
				B72A64BD1B2573B100BD2BAF /* Images */,
			);
			path = Resources;
			sourceTree = "<group>";
		};
		B72A64BD1B2573B100BD2BAF /* Images */ = {
			isa = PBXGroup;
			children = (
			);
			path = Images;
			sourceTree = "<group>";
		};
		B72A64BE1B2573B100BD2BAF /* Util */ = {
			isa = PBXGroup;
			children = (
			);
			path = Util;
			sourceTree = "<group>";
		};
		B72A64BF1B2573B100BD2BAF /* V */ = {
			isa = PBXGroup;
			children = (
			);
			path = V;
			sourceTree = "<group>";
		};
		B72A64C31B25765600BD2BAF /* AFNetworking */ = {
			isa = PBXGroup;
			children = (
				B72A64C41B25765600BD2BAF /* AFHTTPRequestOperation.h */,
				B72A64C51B25765600BD2BAF /* AFHTTPRequestOperation.m */,
				B72A64C61B25765600BD2BAF /* AFHTTPRequestOperationManager.h */,
				B72A64C71B25765600BD2BAF /* AFHTTPRequestOperationManager.m */,
				B72A64C81B25765600BD2BAF /* AFHTTPSessionManager.h */,
				B72A64C91B25765600BD2BAF /* AFHTTPSessionManager.m */,
				B72A64CA1B25765600BD2BAF /* AFNetworking.h */,
				B72A64CB1B25765600BD2BAF /* AFNetworkReachabilityManager.h */,
				B72A64CC1B25765600BD2BAF /* AFNetworkReachabilityManager.m */,
				B72A64CD1B25765600BD2BAF /* AFSecurityPolicy.h */,
				B72A64CE1B25765600BD2BAF /* AFSecurityPolicy.m */,
				B72A64CF1B25765600BD2BAF /* AFURLConnectionOperation.h */,
				B72A64D01B25765600BD2BAF /* AFURLConnectionOperation.m */,
				B72A64D11B25765600BD2BAF /* AFURLRequestSerialization.h */,
				B72A64D21B25765600BD2BAF /* AFURLRequestSerialization.m */,
				B72A64D31B25765600BD2BAF /* AFURLResponseSerialization.h */,
				B72A64D41B25765600BD2BAF /* AFURLResponseSerialization.m */,
				B72A64D51B25765600BD2BAF /* AFURLSessionManager.h */,
				B72A64D61B25765600BD2BAF /* AFURLSessionManager.m */,
			);
			path = AFNetworking;
			sourceTree = "<group>";
		};
		B72A64E01B25766800BD2BAF /* UIKit+AFNetworking */ = {
			isa = PBXGroup;
			children = (
				B72A64E11B25766800BD2BAF /* AFNetworkActivityIndicatorManager.h */,
				B72A64E21B25766800BD2BAF /* AFNetworkActivityIndicatorManager.m */,
				B72A64E31B25766800BD2BAF /* UIActivityIndicatorView+AFNetworking.h */,
				B72A64E41B25766800BD2BAF /* UIActivityIndicatorView+AFNetworking.m */,
				B72A64E51B25766800BD2BAF /* UIAlertView+AFNetworking.h */,
				B72A64E61B25766800BD2BAF /* UIAlertView+AFNetworking.m */,
				B72A64E71B25766800BD2BAF /* UIButton+AFNetworking.h */,
				B72A64E81B25766800BD2BAF /* UIButton+AFNetworking.m */,
				B72A64E91B25766800BD2BAF /* UIImageView+AFNetworking.h */,
				B72A64EA1B25766800BD2BAF /* UIImageView+AFNetworking.m */,
				B72A64EB1B25766800BD2BAF /* UIKit+AFNetworking.h */,
				B72A64EC1B25766800BD2BAF /* UIProgressView+AFNetworking.h */,
				B72A64ED1B25766800BD2BAF /* UIProgressView+AFNetworking.m */,
				B72A64EE1B25766800BD2BAF /* UIRefreshControl+AFNetworking.h */,
				B72A64EF1B25766800BD2BAF /* UIRefreshControl+AFNetworking.m */,
				B72A64F01B25766800BD2BAF /* UIWebView+AFNetworking.h */,
				B72A64F11B25766800BD2BAF /* UIWebView+AFNetworking.m */,
			);
			path = "UIKit+AFNetworking";
			sourceTree = "<group>";
		};
		B72A64FD1B25769C00BD2BAF /* Vendors */ = {
			isa = PBXGroup;
			children = (
			);
			path = Vendors;
			sourceTree = "<group>";
		};
/* End PBXGroup section */

/* Begin PBXNativeTarget section */
		B72A648F1B25728700BD2BAF /* ChatBot */ = {
			isa = PBXNativeTarget;
			buildConfigurationList = B72A64B31B25728800BD2BAF /* Build configuration list for PBXNativeTarget "ChatBot" */;
			buildPhases = (
				B72A648C1B25728700BD2BAF /* Sources */,
				B72A648D1B25728700BD2BAF /* Frameworks */,
				B72A648E1B25728700BD2BAF /* Resources */,
			);
			buildRules = (
			);
			dependencies = (
			);
			name = ChatBot;
			productName = ChatBot;
			productReference = B72A64901B25728700BD2BAF /* ChatBot.app */;
			productType = "com.apple.product-type.application";
		};
/* End PBXNativeTarget section */

/* Begin PBXProject section */
		B72A64881B25728700BD2BAF /* Project object */ = {
			isa = PBXProject;
			attributes = {
				LastUpgradeCheck = 0630;
				ORGANIZATIONNAME = "Kyon Li";
				TargetAttributes = {
					B72A648F1B25728700BD2BAF = {
						CreatedOnToolsVersion = 6.3.2;
					};
				};
			};
			buildConfigurationList = B72A648B1B25728700BD2BAF /* Build configuration list for PBXProject "ChatBot" */;
			compatibilityVersion = "Xcode 3.2";
			developmentRegion = English;
			hasScannedForEncodings = 0;
			knownRegions = (
				en,
				Base,
			);
			mainGroup = B72A64871B25728700BD2BAF;
			productRefGroup = B72A64911B25728700BD2BAF /* Products */;
			projectDirPath = "";
			projectRoot = "";
			targets = (
				B72A648F1B25728700BD2BAF /* ChatBot */,
			);
		};
/* End PBXProject section */

/* Begin PBXResourcesBuildPhase section */
		B72A648E1B25728700BD2BAF /* Resources */ = {
			isa = PBXResourcesBuildPhase;
			buildActionMask = 2147483647;
			files = (
				B72A649F1B25728700BD2BAF /* Main.storyboard in Resources */,
				B72A64A41B25728800BD2BAF /* LaunchScreen.xib in Resources */,
				B72A64A11B25728800BD2BAF /* Images.xcassets in Resources */,
			);
			runOnlyForDeploymentPostprocessing = 0;
		};
/* End PBXResourcesBuildPhase section */

/* Begin PBXSourcesBuildPhase section */
		B72A648C1B25728700BD2BAF /* Sources */ = {
			isa = PBXSourcesBuildPhase;
			buildActionMask = 2147483647;
			files = (
				B72A64D71B25765600BD2BAF /* AFHTTPRequestOperation.m in Sources */,
				B72A64F61B25766800BD2BAF /* UIImageView+AFNetworking.m in Sources */,
				B72A64C21B25759C00BD2BAF /* RootTabBarController.m in Sources */,
				B72A64D81B25765600BD2BAF /* AFHTTPRequestOperationManager.m in Sources */,
				B72A64F71B25766800BD2BAF /* UIProgressView+AFNetworking.m in Sources */,
				B72A64DA1B25765600BD2BAF /* AFNetworkReachabilityManager.m in Sources */,
				B72A64DE1B25765600BD2BAF /* AFURLResponseSerialization.m in Sources */,
				B72A64DC1B25765600BD2BAF /* AFURLConnectionOperation.m in Sources */,
				B72A64F51B25766800BD2BAF /* UIButton+AFNetworking.m in Sources */,
				B72A64F31B25766800BD2BAF /* UIActivityIndicatorView+AFNetworking.m in Sources */,
				B72A64DB1B25765600BD2BAF /* AFSecurityPolicy.m in Sources */,
				B72A64F81B25766800BD2BAF /* UIRefreshControl+AFNetworking.m in Sources */,
				B72A64F91B25766800BD2BAF /* UIWebView+AFNetworking.m in Sources */,
				B72A65001B2576EB00BD2BAF /* DownloadData.m in Sources */,
				B72A64FC1B25768000BD2BAF /* AFAppDotNetAPIClient.m in Sources */,
				B72A64D91B25765600BD2BAF /* AFHTTPSessionManager.m in Sources */,
				B72A64F41B25766800BD2BAF /* UIAlertView+AFNetworking.m in Sources */,
				B72A64DD1B25765600BD2BAF /* AFURLRequestSerialization.m in Sources */,
				B72A64F21B25766800BD2BAF /* AFNetworkActivityIndicatorManager.m in Sources */,
				B72A64DF1B25765600BD2BAF /* AFURLSessionManager.m in Sources */,
				B72A64991B25728700BD2BAF /* AppDelegate.m in Sources */,
				B72A64961B25728700BD2BAF /* main.m in Sources */,
			);
			runOnlyForDeploymentPostprocessing = 0;
		};
/* End PBXSourcesBuildPhase section */

/* Begin PBXVariantGroup section */
		B72A649D1B25728700BD2BAF /* Main.storyboard */ = {
			isa = PBXVariantGroup;
			children = (
				B72A649E1B25728700BD2BAF /* Base */,
			);
			name = Main.storyboard;
			sourceTree = "<group>";
		};
		B72A64A21B25728800BD2BAF /* LaunchScreen.xib */ = {
			isa = PBXVariantGroup;
			children = (
				B72A64A31B25728800BD2BAF /* Base */,
			);
			name = LaunchScreen.xib;
			sourceTree = "<group>";
		};
/* End PBXVariantGroup section */

/* Begin XCBuildConfiguration section */
		B72A64B11B25728800BD2BAF /* Debug */ = {
			isa = XCBuildConfiguration;
			buildSettings = {
				ALWAYS_SEARCH_USER_PATHS = NO;
				CLANG_CXX_LANGUAGE_STANDARD = "gnu++0x";
				CLANG_CXX_LIBRARY = "libc++";
				CLANG_ENABLE_MODULES = YES;
				CLANG_ENABLE_OBJC_ARC = YES;
				CLANG_WARN_BOOL_CONVERSION = YES;
				CLANG_WARN_CONSTANT_CONVERSION = YES;
				CLANG_WARN_DIRECT_OBJC_ISA_USAGE = YES_ERROR;
				CLANG_WARN_EMPTY_BODY = YES;
				CLANG_WARN_ENUM_CONVERSION = YES;
				CLANG_WARN_INT_CONVERSION = YES;
				CLANG_WARN_OBJC_ROOT_CLASS = YES_ERROR;
				CLANG_WARN_UNREACHABLE_CODE = YES;
				CLANG_WARN__DUPLICATE_METHOD_MATCH = YES;
				"CODE_SIGN_IDENTITY[sdk=iphoneos*]" = "iPhone Developer";
				COPY_PHASE_STRIP = NO;
				DEBUG_INFORMATION_FORMAT = "dwarf-with-dsym";
				ENABLE_STRICT_OBJC_MSGSEND = YES;
				GCC_C_LANGUAGE_STANDARD = gnu99;
				GCC_DYNAMIC_NO_PIC = NO;
				GCC_NO_COMMON_BLOCKS = YES;
				GCC_OPTIMIZATION_LEVEL = 0;
				GCC_PREPROCESSOR_DEFINITIONS = (
					"DEBUG=1",
					"$(inherited)",
				);
				GCC_SYMBOLS_PRIVATE_EXTERN = NO;
				GCC_WARN_64_TO_32_BIT_CONVERSION = YES;
				GCC_WARN_ABOUT_RETURN_TYPE = YES_ERROR;
				GCC_WARN_UNDECLARED_SELECTOR = YES;
				GCC_WARN_UNINITIALIZED_AUTOS = YES_AGGRESSIVE;
				GCC_WARN_UNUSED_FUNCTION = YES;
				GCC_WARN_UNUSED_VARIABLE = YES;
				IPHONEOS_DEPLOYMENT_TARGET = 8.3;
				MTL_ENABLE_DEBUG_INFO = YES;
				ONLY_ACTIVE_ARCH = YES;
				SDKROOT = iphoneos;
			};
			name = Debug;
		};
		B72A64B21B25728800BD2BAF /* Release */ = {
			isa = XCBuildConfiguration;
			buildSettings = {
				ALWAYS_SEARCH_USER_PATHS = NO;
				CLANG_CXX_LANGUAGE_STANDARD = "gnu++0x";
				CLANG_CXX_LIBRARY = "libc++";
				CLANG_ENABLE_MODULES = YES;
				CLANG_ENABLE_OBJC_ARC = YES;
				CLANG_WARN_BOOL_CONVERSION = YES;
				CLANG_WARN_CONSTANT_CONVERSION = YES;
				CLANG_WARN_DIRECT_OBJC_ISA_USAGE = YES_ERROR;
				CLANG_WARN_EMPTY_BODY = YES;
				CLANG_WARN_ENUM_CONVERSION = YES;
				CLANG_WARN_INT_CONVERSION = YES;
				CLANG_WARN_OBJC_ROOT_CLASS = YES_ERROR;
				CLANG_WARN_UNREACHABLE_CODE = YES;
				CLANG_WARN__DUPLICATE_METHOD_MATCH = YES;
				"CODE_SIGN_IDENTITY[sdk=iphoneos*]" = "iPhone Developer";
				COPY_PHASE_STRIP = NO;
				DEBUG_INFORMATION_FORMAT = "dwarf-with-dsym";
				ENABLE_NS_ASSERTIONS = NO;
				ENABLE_STRICT_OBJC_MSGSEND = YES;
				GCC_C_LANGUAGE_STANDARD = gnu99;
				GCC_NO_COMMON_BLOCKS = YES;
				GCC_WARN_64_TO_32_BIT_CONVERSION = YES;
				GCC_WARN_ABOUT_RETURN_TYPE = YES_ERROR;
				GCC_WARN_UNDECLARED_SELECTOR = YES;
				GCC_WARN_UNINITIALIZED_AUTOS = YES_AGGRESSIVE;
				GCC_WARN_UNUSED_FUNCTION = YES;
				GCC_WARN_UNUSED_VARIABLE = YES;
				IPHONEOS_DEPLOYMENT_TARGET = 8.3;
				MTL_ENABLE_DEBUG_INFO = NO;
				SDKROOT = iphoneos;
				VALIDATE_PRODUCT = YES;
			};
			name = Release;
		};
		B72A64B41B25728800BD2BAF /* Debug */ = {
			isa = XCBuildConfiguration;
			buildSettings = {
				ASSETCATALOG_COMPILER_APPICON_NAME = AppIcon;
				INFOPLIST_FILE = ChatBot/Info.plist;
				LD_RUNPATH_SEARCH_PATHS = "$(inherited) @executable_path/Frameworks";
				PRODUCT_NAME = "$(TARGET_NAME)";
			};
			name = Debug;
		};
		B72A64B51B25728800BD2BAF /* Release */ = {
			isa = XCBuildConfiguration;
			buildSettings = {
				ASSETCATALOG_COMPILER_APPICON_NAME = AppIcon;
				INFOPLIST_FILE = ChatBot/Info.plist;
				LD_RUNPATH_SEARCH_PATHS = "$(inherited) @executable_path/Frameworks";
				PRODUCT_NAME = "$(TARGET_NAME)";
			};
			name = Release;
		};
/* End XCBuildConfiguration section */

/* Begin XCConfigurationList section */
		B72A648B1B25728700BD2BAF /* Build configuration list for PBXProject "ChatBot" */ = {
			isa = XCConfigurationList;
			buildConfigurations = (
				B72A64B11B25728800BD2BAF /* Debug */,
				B72A64B21B25728800BD2BAF /* Release */,
			);
			defaultConfigurationIsVisible = 0;
			defaultConfigurationName = Release;
		};
		B72A64B31B25728800BD2BAF /* Build configuration list for PBXNativeTarget "ChatBot" */ = {
			isa = XCConfigurationList;
			buildConfigurations = (
				B72A64B41B25728800BD2BAF /* Debug */,
				B72A64B51B25728800BD2BAF /* Release */,
			);
			defaultConfigurationIsVisible = 0;
		};
/* End XCConfigurationList section */
	};
	rootObject = B72A64881B25728700BD2BAF /* Project object */;
}
